
Microsoft Visual Studio Solution File, Format Version 12.00
# Visual Studio Version 17
VisualStudioVersion = 17.5.33414.496
MinimumVisualStudioVersion = 10.0.40219.1
Project("{9A19103F-16F7-4668-BE54-9A1E7A4F7556}") = "Odev2Service", "WebApplication1\Odev2Service.csproj", "{B47AB988-C6BA-4EBC-8785-96A53D52B900}"
EndProject
Project("{9A19103F-16F7-4668-BE54-9A1E7A4F7556}") = "OdevData", "OdevData\OdevData.csproj", "{0A39B3C6-1C6D-489F-B06F-518B43DC43D3}"
EndProject
Project("{9A19103F-16F7-4668-BE54-9A1E7A4F7556}") = "Odev2Base", "Odev2Base\Odev2Base.csproj", "{FF62CA2F-6ACA-4E27-A5EC-1742BA6300CF}"
EndProject
Project("{9A19103F-16F7-4668-BE54-9A1E7A4F7556}") = "Odev2Schema", "Odev2Schema\Odev2Schema.csproj", "{53395576-6D72-4912-85F9-F6CA4D2D1A04}"
	ProjectSection(ProjectDependencies) = postProject
		{FF62CA2F-6ACA-4E27-A5EC-1742BA6300CF} = {FF62CA2F-6ACA-4E27-A5EC-1742BA6300CF}
	EndProjectSection
EndProject
Project("{2150E333-8FDC-42A3-9474-1A3956D46DE8}") = "Çözüm Öğeleri", "Çözüm Öğeleri", "{F5107781-1E0B-4614-B3BC-8FA5E71C283A}"
	ProjectSection(SolutionItems) = preProject
		Readme.md = Readme.md
	EndProjectSection
EndProject
Global
	GlobalSection(SolutionConfigurationPlatforms) = preSolution
		Debug|Any CPU = Debug|Any CPU
		Release|Any CPU = Release|Any CPU
	EndGlobalSection
	GlobalSection(ProjectConfigurationPlatforms) = postSolution
		{B47AB988-C6BA-4EBC-8785-96A53D52B900}.Debug|Any CPU.ActiveCfg = Debug|Any CPU
		{B47AB988-C6BA-4EBC-8785-96A53D52B900}.Debug|Any CPU.Build.0 = Debug|Any CPU
		{B47AB988-C6BA-4EBC-8785-96A53D52B900}.Release|Any CPU.ActiveCfg = Release|Any CPU
		{B47AB988-C6BA-4EBC-8785-96A53D52B900}.Release|Any CPU.Build.0 = Release|Any CPU
		{0A39B3C6-1C6D-489F-B06F-518B43DC43D3}.Debug|Any CPU.ActiveCfg = Debug|Any CPU
		{0A39B3C6-1C6D-489F-B06F-518B43DC43D3}.Debug|Any CPU.Build.0 = Debug|Any CPU
		{0A39B3C6-1C6D-489F-B06F-518B43DC43D3}.Release|Any CPU.ActiveCfg = Release|Any CPU
		{0A39B3C6-1C6D-489F-B06F-518B43DC43D3}.Release|Any CPU.Build.0 = Release|Any CPU
		{FF62CA2F-6ACA-4E27-A5EC-1742BA6300CF}.Debug|Any CPU.ActiveCfg = Debug|Any CPU
		{FF62CA2F-6ACA-4E27-A5EC-1742BA6300CF}.Debug|Any CPU.Build.0 = Debug|Any CPU
		{FF62CA2F-6ACA-4E27-A5EC-1742BA6300CF}.Release|Any CPU.ActiveCfg = Release|Any CPU
		{FF62CA2F-6ACA-4E27-A5EC-1742BA6300CF}.Release|Any CPU.Build.0 = Release|Any CPU
		{53395576-6D72-4912-85F9-F6CA4D2D1A04}.Debug|Any CPU.ActiveCfg = Debug|Any CPU
		{53395576-6D72-4912-85F9-F6CA4D2D1A04}.Debug|Any CPU.Build.0 = Debug|Any CPU
		{53395576-6D72-4912-85F9-F6CA4D2D1A04}.Release|Any CPU.ActiveCfg = Release|Any CPU
		{53395576-6D72-4912-85F9-F6CA4D2D1A04}.Release|Any CPU.Build.0 = Release|Any CPU
	EndGlobalSection
	GlobalSection(SolutionProperties) = preSolution
		HideSolutionNode = FALSE
	EndGlobalSection
	GlobalSection(ExtensibilityGlobals) = postSolution
		SolutionGuid = {B05506BD-4548-48CE-919F-1CE49A6E6AC8}
	EndGlobalSection
EndGlobal
